{
  "name": "nami-wallet-api",
  "version": "1.1.9",
  "lockfileVersion": 2,
  "requires": true,
  "packages": {
    "": {
      "name": "nami-wallet-api",
      "version": "1.1.9",
      "license": "ISC",
      "dependencies": {
        "@emurgo/cardano-serialization-lib-asmjs": "^9.0.0",
        "buffer": "^6.0.3",
        "fs": "^0.0.1-security",
        "path": "^0.12.7"
      },
      "devDependencies": {
        "@types/node-fetch": "^3.0.3",
        "typescript": "^4.4.3"
      }
    },
    "node_modules/@babel/code-frame": {
      "version": "7.16.7",
      "resolved": "https://registry.npmjs.org/@babel/code-frame/-/code-frame-7.16.7.tgz",
      "integrity": "sha512-iAXqUn8IIeBTNd72xsFlgaXHkMBMt6y4HJp1tIaK465CWLT/fG1aqB7ykr95gHHmlBdGbFeWWfyB4NJJ0nmeIg==",
      "dev": true,
      "optional": true,
      "dependencies": {
        "@babel/highlight": "^7.16.7"
      },
      "engines": {
        "node": ">=6.9.0"
      }
    },
    "node_modules/@babel/helper-validator-identifier": {
      "version": "7.16.7",
      "resolved": "https://registry.npmjs.org/@babel/helper-validator-identifier/-/helper-validator-identifier-7.16.7.tgz",
      "integrity": "sha512-hsEnFemeiW4D08A5gUAZxLBTXpZ39P+a+DGDsHw1yxqyQ/jzFEnxf5uTEGp+3bzAbNOxU1paTgYS4ECU/IgfDw==",
      "dev": true,
      "optional": true,
      "engines": {
        "node": ">=6.9.0"
      }
    },
    "node_modules/@babel/highlight": {
      "version": "7.16.10",
      "resolved": "https://registry.npmjs.org/@babel/highlight/-/highlight-7.16.10.tgz",
      "integrity": "sha512-5FnTQLSLswEj6IkgVw5KusNUUFY9ZGqe/TRFnP/BKYHYgfh7tc+C7mwiy95/yNP7Dh9x580Vv8r7u7ZfTBFxdw==",
      "dev": true,
      "optional": true,
      "dependencies": {
        "@babel/helper-validator-identifier": "^7.16.7",
        "chalk": "^2.0.0",
        "js-tokens": "^4.0.0"
      },
      "engines": {
        "node": ">=6.9.0"
      }
    },
    "node_modules/@emurgo/cardano-serialization-lib-asmjs": {
      "version": "9.1.4",
      "resolved": "https://registry.npmjs.org/@emurgo/cardano-serialization-lib-asmjs/-/cardano-serialization-lib-asmjs-9.1.4.tgz",
      "integrity": "sha512-En+rm1ZsfFycIAg36mkRdRwMCcXxwZ/1pCP9C/8cGsiB/nwlBwL1jRewOj22+YQufbESOes3zKmGK+cnbG5XbA=="
    },
    "node_modules/@rollup/pluginutils": {
      "version": "4.1.2",
      "resolved": "https://registry.npmjs.org/@rollup/pluginutils/-/pluginutils-4.1.2.tgz",
      "integrity": "sha512-ROn4qvkxP9SyPeHaf7uQC/GPFY6L/OWy9+bd9AwcjOAWQwxRscoEyAUD8qCY5o5iL4jqQwoLk2kaTKJPb/HwzQ==",
      "dev": true,
      "dependencies": {
        "estree-walker": "^2.0.1",
        "picomatch": "^2.2.2"
      },
      "engines": {
        "node": ">= 8.0.0"
      }
    },
    "node_modules/@types/node-fetch": {
      "version": "3.0.3",
      "resolved": "https://registry.npmjs.org/@types/node-fetch/-/node-fetch-3.0.3.tgz",
      "integrity": "sha512-HhggYPH5N+AQe/OmN6fmhKmRRt2XuNJow+R3pQwJxOOF9GuwM7O2mheyGeIrs5MOIeNjDEdgdoyHBOrFeJBR3g==",
      "deprecated": "This is a stub types definition. node-fetch provides its own type definitions, so you do not need this installed.",
      "dev": true,
      "dependencies": {
        "node-fetch": "*"
      }
    },
    "node_modules/ansi-styles": {
      "version": "3.2.1",
      "resolved": "https://registry.npmjs.org/ansi-styles/-/ansi-styles-3.2.1.tgz",
      "integrity": "sha512-VT0ZI6kZRdTh8YyJw3SMbYm/u+NqfsAxEpWO0Pf9sq8/e94WxxOpPKx9FR1FlyCtOVDNOQ+8ntlqFxiRc+r5qA==",
      "dev": true,
      "optional": true,
      "dependencies": {
        "color-convert": "^1.9.0"
      },
      "engines": {
        "node": ">=4"
      }
    },
    "node_modules/base64-js": {
      "version": "1.5.1",
      "resolved": "https://registry.npmjs.org/base64-js/-/base64-js-1.5.1.tgz",
      "integrity": "sha512-AKpaYlHn8t4SVbOHCy+b5+KKgvR4vrsD8vbvrbiQJps7fKDTkjkDry6ji0rUJjC0kzbNePLwzxq8iypo41qeWA==",
      "funding": [
        {
          "type": "github",
          "url": "https://github.com/sponsors/feross"
        },
        {
          "type": "patreon",
          "url": "https://www.patreon.com/feross"
        },
        {
          "type": "consulting",
          "url": "https://feross.org/support"
        }
      ]
    },
    "node_modules/buffer": {
      "version": "6.0.3",
      "resolved": "https://registry.npmjs.org/buffer/-/buffer-6.0.3.tgz",
      "integrity": "sha512-FTiCpNxtwiZZHEZbcbTIcZjERVICn9yq/pDFkTl95/AxzD1naBctN7YO68riM/gLSDY7sdrMby8hofADYuuqOA==",
      "funding": [
        {
          "type": "github",
          "url": "https://github.com/sponsors/feross"
        },
        {
          "type": "patreon",
          "url": "https://www.patreon.com/feross"
        },
        {
          "type": "consulting",
          "url": "https://feross.org/support"
        }
      ],
      "dependencies": {
        "base64-js": "^1.3.1",
        "ieee754": "^1.2.1"
      }
    },
    "node_modules/chalk": {
      "version": "2.4.2",
      "resolved": "https://registry.npmjs.org/chalk/-/chalk-2.4.2.tgz",
      "integrity": "sha512-Mti+f9lpJNcwF4tWV8/OrTTtF1gZi+f8FqlyAdouralcFWFQWF2+NgCHShjkCb+IFBLq9buZwE1xckQU4peSuQ==",
      "dev": true,
      "optional": true,
      "dependencies": {
        "ansi-styles": "^3.2.1",
        "escape-string-regexp": "^1.0.5",
        "supports-color": "^5.3.0"
      },
      "engines": {
        "node": ">=4"
      }
    },
    "node_modules/color-convert": {
      "version": "1.9.3",
      "resolved": "https://registry.npmjs.org/color-convert/-/color-convert-1.9.3.tgz",
      "integrity": "sha512-QfAUtd+vFdAtFQcC8CCyYt1fYWxSqAiK2cSD6zDB8N3cpsEBAvRxp9zOGg6G/SHHJYAT88/az/IuDGALsNVbGg==",
      "dev": true,
      "optional": true,
      "dependencies": {
        "color-name": "1.1.3"
      }
    },
    "node_modules/color-name": {
      "version": "1.1.3",
      "resolved": "https://registry.npmjs.org/color-name/-/color-name-1.1.3.tgz",
      "integrity": "sha1-p9BVi9icQveV3UIyj3QIMcpTvCU=",
      "dev": true,
      "optional": true
    },
    "node_modules/data-uri-to-buffer": {
      "version": "4.0.0",
      "resolved": "https://registry.npmjs.org/data-uri-to-buffer/-/data-uri-to-buffer-4.0.0.tgz",
      "integrity": "sha512-Vr3mLBA8qWmcuschSLAOogKgQ/Jwxulv3RNE4FXnYWRGujzrRWQI4m12fQqRkwX06C0KanhLr4hK+GydchZsaA==",
      "dev": true,
      "engines": {
        "node": ">= 12"
      }
    },
    "node_modules/debug": {
      "version": "4.3.3",
      "resolved": "https://registry.npmjs.org/debug/-/debug-4.3.3.tgz",
      "integrity": "sha512-/zxw5+vh1Tfv+4Qn7a5nsbcJKPaSvCDhojn6FEl9vupwK2VCSDtEiEtqr8DFtzYFOdz63LBkxec7DYuc2jon6Q==",
      "dev": true,
      "dependencies": {
        "ms": "2.1.2"
      },
      "engines": {
        "node": ">=6.0"
      },
      "peerDependenciesMeta": {
        "supports-color": {
          "optional": true
        }
      }
    },
    "node_modules/es-module-lexer": {
      "version": "0.9.3",
      "resolved": "https://registry.npmjs.org/es-module-lexer/-/es-module-lexer-0.9.3.tgz",
      "integrity": "sha512-1HQ2M2sPtxwnvOvT1ZClHyQDiggdNjURWpY2we6aMKCQiUVxTmVs2UYPLIrD84sS+kMdUwfBSylbJPwNnBrnHQ==",
      "dev": true
    },
    "node_modules/esbuild": {
      "version": "0.14.17",
      "resolved": "https://registry.npmjs.org/esbuild/-/esbuild-0.14.17.tgz",
      "integrity": "sha512-JLgyC6Uv31mv9T9Mm2xF1LntUMCNBSzvg2n32d8cTKZMwFr1wmMFY2FkVum98TSoEsDff0cR+Aj49H2sbBcjKQ==",
      "dev": true,
      "hasInstallScript": true,
      "bin": {
        "esbuild": "bin/esbuild"
      },
      "engines": {
        "node": ">=12"
      },
      "optionalDependencies": {
        "esbuild-android-arm64": "0.14.17",
        "esbuild-darwin-64": "0.14.17",
        "esbuild-darwin-arm64": "0.14.17",
        "esbuild-freebsd-64": "0.14.17",
        "esbuild-freebsd-arm64": "0.14.17",
        "esbuild-linux-32": "0.14.17",
        "esbuild-linux-64": "0.14.17",
        "esbuild-linux-arm": "0.14.17",
        "esbuild-linux-arm64": "0.14.17",
        "esbuild-linux-mips64le": "0.14.17",
        "esbuild-linux-ppc64le": "0.14.17",
        "esbuild-linux-s390x": "0.14.17",
        "esbuild-netbsd-64": "0.14.17",
        "esbuild-openbsd-64": "0.14.17",
        "esbuild-sunos-64": "0.14.17",
        "esbuild-windows-32": "0.14.17",
        "esbuild-windows-64": "0.14.17",
        "esbuild-windows-arm64": "0.14.17"
      }
    },
    "node_modules/esbuild-android-arm64": {
      "version": "0.14.17",
      "resolved": "https://registry.npmjs.org/esbuild-android-arm64/-/esbuild-android-arm64-0.14.17.tgz",
      "integrity": "sha512-y7EJm8ADC9qKbo/dJ2zBXwNdIILJ76tTv7JDGvOkbLT8HJXIsgbpa0NJk7iFhyvP4GpsYvXTbvEQNn0DhyBhLA==",
      "cpu": [
        "arm64"
      ],
      "dev": true,
      "optional": true,
      "os": [
        "android"
      ],
      "engines": {
        "node": ">=12"
      }
    },
    "node_modules/esbuild-darwin-64": {
      "version": "0.14.17",
      "resolved": "https://registry.npmjs.org/esbuild-darwin-64/-/esbuild-darwin-64-0.14.17.tgz",
      "integrity": "sha512-V2JAP8yyVbW6qR4SVXsEDqRicYM0x5niUuB05IFiE5itPI45k8j2dA2l+DtirR2SGXr+LEqgX347+2VA6eyTiA==",
      "cpu": [
        "x64"
      ],
      "dev": true,
      "optional": true,
      "os": [
        "darwin"
      ],
      "engines": {
        "node": ">=12"
      }
    },
    "node_modules/esbuild-darwin-arm64": {
      "version": "0.14.17",
      "resolved": "https://registry.npmjs.org/esbuild-darwin-arm64/-/esbuild-darwin-arm64-0.14.17.tgz",
      "integrity": "sha512-ENkSKpjF4SImyA2TdHhKiZqtYc1DkMykICe1KSBw0YNF1sentjFI6wu+CRiYMpC7REf/3TQXoems2XPqIqDMlQ==",
      "cpu": [
        "arm64"
      ],
      "dev": true,
      "optional": true,
      "os": [
        "darwin"
      ],
      "engines": {
        "node": ">=12"
      }
    },
    "node_modules/esbuild-freebsd-64": {
      "version": "0.14.17",
      "resolved": "https://registry.npmjs.org/esbuild-freebsd-64/-/esbuild-freebsd-64-0.14.17.tgz",
      "integrity": "sha512-2i0nTNJM8ftNTvtR00vdqkru8XpHwAbkR2MBLoK2IDSzjsLStwCj+mxf6v83eVM9Abe3QA8xP+irqOdBlwDQ2g==",
      "cpu": [
        "x64"
      ],
      "dev": true,
      "optional": true,
      "os": [
        "freebsd"
      ],
      "engines": {
        "node": ">=12"
      }
    },
    "node_modules/esbuild-freebsd-arm64": {
      "version": "0.14.17",
      "resolved": "https://registry.npmjs.org/esbuild-freebsd-arm64/-/esbuild-freebsd-arm64-0.14.17.tgz",
      "integrity": "sha512-QOmRi1n+uly2G7BbMbHb86YiFA5aM7B2T96A6OF1VG57LNwXwy8LPVM0PVjl7f9cV3pE3fy3VtXPJHJo8XggTA==",
      "cpu": [
        "arm64"
      ],
      "dev": true,
      "optional": true,
      "os": [
        "freebsd"
      ],
      "engines": {
        "node": ">=12"
      }
    },
    "node_modules/esbuild-linux-32": {
      "version": "0.14.17",
      "resolved": "https://registry.npmjs.org/esbuild-linux-32/-/esbuild-linux-32-0.14.17.tgz",
      "integrity": "sha512-qG5NDk7FHHUVw01rjHESON0HvigF2X80b645TUlgTKsWRlrbzzHhMCmQguA01O5PiCimKnyoxti8aJIFNHpQnQ==",
      "cpu": [
        "ia32"
      ],
      "dev": true,
      "optional": true,
      "os": [
        "linux"
      ],
      "engines": {
        "node": ">=12"
      }
    },
    "node_modules/esbuild-linux-64": {
      "version": "0.14.17",
      "resolved": "https://registry.npmjs.org/esbuild-linux-64/-/esbuild-linux-64-0.14.17.tgz",
      "integrity": "sha512-De8OcmNvfNyFfQRLWbfuZqau6NpYBJxNTLP7Ls/PqQcw0HAwfaYThutY8ozHpPbKFPa7wgqabXlIC4NVSWT0/A==",
      "cpu": [
        "x64"
      ],
      "dev": true,
      "optional": true,
      "os": [
        "linux"
      ],
      "engines": {
        "node": ">=12"
      }
    },
    "node_modules/esbuild-linux-arm": {
      "version": "0.14.17",
      "resolved": "https://registry.npmjs.org/esbuild-linux-arm/-/esbuild-linux-arm-0.14.17.tgz",
      "integrity": "sha512-ZwsgFUk3gR2pEMJdh5z4Ds18fvGETgElPqmNdx1NtZTCOVlFMAwFB5u/tOR2FrXbMFv+LkGnNxPDh48PYPDz9A==",
      "cpu": [
        "arm"
      ],
      "dev": true,
      "optional": true,
      "os": [
        "linux"
      ],
      "engines": {
        "node": ">=12"
      }
    },
    "node_modules/esbuild-linux-arm64": {
      "version": "0.14.17",
      "resolved": "https://registry.npmjs.org/esbuild-linux-arm64/-/esbuild-linux-arm64-0.14.17.tgz",
      "integrity": "sha512-WDEOD/YRA4J1lxhETKZff3gRxGYqqZEiVwIOqNfvCh2YcwWU2y6UmNGZsxcuKk18wot4dAXCXQyNZgBkVUTCLw==",
      "cpu": [
        "arm64"
      ],
      "dev": true,
      "optional": true,
      "os": [
        "linux"
      ],
      "engines": {
        "node": ">=12"
      }
    },
    "node_modules/esbuild-linux-mips64le": {
      "version": "0.14.17",
      "resolved": "https://registry.npmjs.org/esbuild-linux-mips64le/-/esbuild-linux-mips64le-0.14.17.tgz",
      "integrity": "sha512-Lf4X9NB7r6imzp/11TaGs4kWL0DUn1JxI9gAAKotnKh6T8Y/0sLvZSvQS8WvSZcr0V8RRCrRZwiQqjOALUU/9g==",
      "cpu": [
        "mips64el"
      ],
      "dev": true,
      "optional": true,
      "os": [
        "linux"
      ],
      "engines": {
        "node": ">=12"
      }
    },
    "node_modules/esbuild-linux-ppc64le": {
      "version": "0.14.17",
      "resolved": "https://registry.npmjs.org/esbuild-linux-ppc64le/-/esbuild-linux-ppc64le-0.14.17.tgz",
      "integrity": "sha512-aExhxbrK7/Mh9FArdiC9MbvrQz2bGCDI8cBALKJbmhKg0h7LNt6y1E1S9GGBZ/ZXkHDvV9FFVrXXZKFVU5Qpiw==",
      "cpu": [
        "ppc64"
      ],
      "dev": true,
      "optional": true,
      "os": [
        "linux"
      ],
      "engines": {
        "node": ">=12"
      }
    },
    "node_modules/esbuild-linux-s390x": {
      "version": "0.14.17",
      "resolved": "https://registry.npmjs.org/esbuild-linux-s390x/-/esbuild-linux-s390x-0.14.17.tgz",
      "integrity": "sha512-b0T20rNcS7POi5YLw5dFlsiC+riobR5IfppQGn5NWer6QiIkdL1vOx9eC9CUD3z1itpkLboRAZYieZfKfhCA2Q==",
      "cpu": [
        "s390x"
      ],
      "dev": true,
      "optional": true,
      "os": [
        "linux"
      ],
      "engines": {
        "node": ">=12"
      }
    },
    "node_modules/esbuild-netbsd-64": {
      "version": "0.14.17",
      "resolved": "https://registry.npmjs.org/esbuild-netbsd-64/-/esbuild-netbsd-64-0.14.17.tgz",
      "integrity": "sha512-pFgTaAa2JF18nqNfCND9wOu1jbZ/mbDSaMxUp5fTkLlofyHhXeb5aChgXUkeipty2Pgq0OwOnxjHmiAxMI7N4g==",
      "cpu": [
        "x64"
      ],
      "dev": true,
      "optional": true,
      "os": [
        "netbsd"
      ],
      "engines": {
        "node": ">=12"
      }
    },
    "node_modules/esbuild-openbsd-64": {
      "version": "0.14.17",
      "resolved": "https://registry.npmjs.org/esbuild-openbsd-64/-/esbuild-openbsd-64-0.14.17.tgz",
      "integrity": "sha512-K5+plb6gsAfBcFqB0EG4KvLbgBKslVAfEyJggicwt/QoDwQGJAzao4M6zOA4PG7LlXOwWSqv7VmSFbH+b6DyKw==",
      "cpu": [
        "x64"
      ],
      "dev": true,
      "optional": true,
      "os": [
        "openbsd"
      ],
      "engines": {
        "node": ">=12"
      }
    },
    "node_modules/esbuild-sunos-64": {
      "version": "0.14.17",
      "resolved": "https://registry.npmjs.org/esbuild-sunos-64/-/esbuild-sunos-64-0.14.17.tgz",
      "integrity": "sha512-o1FINkbHRi9JB1YteOSXZdkDOmVUbmnCxRmTLkHvk8pfCFNpv/5/7ktt95teYKbEiJna2dEt3M4ckJ/+UVnW+w==",
      "cpu": [
        "x64"
      ],
      "dev": true,
      "optional": true,
      "os": [
        "sunos"
      ],
      "engines": {
        "node": ">=12"
      }
    },
    "node_modules/esbuild-windows-32": {
      "version": "0.14.17",
      "resolved": "https://registry.npmjs.org/esbuild-windows-32/-/esbuild-windows-32-0.14.17.tgz",
      "integrity": "sha512-Qutilz0I7OADWBtWrC/FD+2O/TNAkhwbZ+wIns7kF87lxIMtmqpBt3KnMk1e4F47aTrZRr0oH55Zhztd7m2PAA==",
      "cpu": [
        "ia32"
      ],
      "dev": true,
      "optional": true,
      "os": [
        "win32"
      ],
      "engines": {
        "node": ">=12"
      }
    },
    "node_modules/esbuild-windows-64": {
      "version": "0.14.17",
      "resolved": "https://registry.npmjs.org/esbuild-windows-64/-/esbuild-windows-64-0.14.17.tgz",
      "integrity": "sha512-b21/oRV+PHrav0HkRpKjbM2yNRVe34gAfbdMppbZFea416wa8SrjcmVfSd7n4jgqoTQG0xe+MGgOpwXtjiB3DQ==",
      "cpu": [
        "x64"
      ],
      "dev": true,
      "optional": true,
      "os": [
        "win32"
      ],
      "engines": {
        "node": ">=12"
      }
    },
    "node_modules/esbuild-windows-arm64": {
      "version": "0.14.17",
      "resolved": "https://registry.npmjs.org/esbuild-windows-arm64/-/esbuild-windows-arm64-0.14.17.tgz",
      "integrity": "sha512-4HN9E1idllewYvptcrrdfTA6DIWgg11kK0Zrv6yjxstJZLJeKxfilGBEaksLGs4Pst2rAYMx3H2vbYq7AWLQNA==",
      "cpu": [
        "arm64"
      ],
      "dev": true,
      "optional": true,
      "os": [
        "win32"
      ],
      "engines": {
        "node": ">=12"
      }
    },
    "node_modules/escape-string-regexp": {
      "version": "1.0.5",
      "resolved": "https://registry.npmjs.org/escape-string-regexp/-/escape-string-regexp-1.0.5.tgz",
      "integrity": "sha1-G2HAViGQqN/2rjuyzwIAyhMLhtQ=",
      "dev": true,
      "optional": true,
      "engines": {
        "node": ">=0.8.0"
      }
    },
    "node_modules/estree-walker": {
      "version": "2.0.2",
      "resolved": "https://registry.npmjs.org/estree-walker/-/estree-walker-2.0.2.tgz",
      "integrity": "sha512-Rfkk/Mp/DL7JVje3u18FxFujQlTNR2q6QfMSMB7AvCBx91NGj/ba3kCfza0f6dVDbw7YlRf/nDrn7pQrCCyQ/w==",
      "dev": true
    },
    "node_modules/fetch-blob": {
      "version": "3.1.4",
      "resolved": "https://registry.npmjs.org/fetch-blob/-/fetch-blob-3.1.4.tgz",
      "integrity": "sha512-Eq5Xv5+VlSrYWEqKrusxY1C3Hm/hjeAsCGVG3ft7pZahlUAChpGZT/Ms1WmSLnEAisEXszjzu/s+ce6HZB2VHA==",
      "dev": true,
      "funding": [
        {
          "type": "github",
          "url": "https://github.com/sponsors/jimmywarting"
        },
        {
          "type": "paypal",
          "url": "https://paypal.me/jimmywarting"
        }
      ],
      "dependencies": {
        "node-domexception": "^1.0.0",
        "web-streams-polyfill": "^3.0.3"
      },
      "engines": {
        "node": "^12.20 || >= 14.13"
      }
    },
    "node_modules/formdata-polyfill": {
      "version": "4.0.10",
      "resolved": "https://registry.npmjs.org/formdata-polyfill/-/formdata-polyfill-4.0.10.tgz",
      "integrity": "sha512-buewHzMvYL29jdeQTVILecSaZKnt/RJWjoZCF5OW60Z67/GmSLBkOFM7qh1PI3zFNtJbaZL5eQu1vLfazOwj4g==",
      "dev": true,
      "dependencies": {
        "fetch-blob": "^3.1.2"
      },
      "engines": {
        "node": ">=12.20.0"
      }
    },
    "node_modules/fs": {
      "version": "0.0.1-security",
      "resolved": "https://registry.npmjs.org/fs/-/fs-0.0.1-security.tgz",
      "integrity": "sha1-invTcYa23d84E/I4WLV+yq9eQdQ="
    },
    "node_modules/fsevents": {
      "version": "2.3.2",
      "resolved": "https://registry.npmjs.org/fsevents/-/fsevents-2.3.2.tgz",
      "integrity": "sha512-xiqMQR4xAeHTuB9uWm+fFRcIOgKBMiOBP+eXiyT7jsgVCq1bkVygt00oASowB7EdtpOHaaPgKt812P9ab+DDKA==",
      "dev": true,
      "hasInstallScript": true,
      "optional": true,
      "os": [
        "darwin"
      ],
      "engines": {
        "node": "^8.16.0 || ^10.6.0 || >=11.0.0"
      }
    },
    "node_modules/has-flag": {
      "version": "3.0.0",
      "resolved": "https://registry.npmjs.org/has-flag/-/has-flag-3.0.0.tgz",
      "integrity": "sha1-tdRU3CGZriJWmfNGfloH87lVuv0=",
      "dev": true,
      "optional": true,
      "engines": {
        "node": ">=4"
      }
    },
    "node_modules/ieee754": {
      "version": "1.2.1",
      "resolved": "https://registry.npmjs.org/ieee754/-/ieee754-1.2.1.tgz",
      "integrity": "sha512-dcyqhDvX1C46lXZcVqCpK+FtMRQVdIMN6/Df5js2zouUsqG7I6sFxitIC+7KYK29KdXOLHdu9zL4sFnoVQnqaA==",
      "funding": [
        {
          "type": "github",
          "url": "https://github.com/sponsors/feross"
        },
        {
          "type": "patreon",
          "url": "https://www.patreon.com/feross"
        },
        {
          "type": "consulting",
          "url": "https://feross.org/support"
        }
      ]
    },
    "node_modules/inherits": {
      "version": "2.0.3",
      "resolved": "https://registry.npmjs.org/inherits/-/inherits-2.0.3.tgz",
      "integrity": "sha1-Yzwsg+PaQqUC9SRmAiSA9CCCYd4="
    },
    "node_modules/joycon": {
      "version": "3.1.1",
      "resolved": "https://registry.npmjs.org/joycon/-/joycon-3.1.1.tgz",
      "integrity": "sha512-34wB/Y7MW7bzjKRjUKTa46I2Z7eV62Rkhva+KkopW7Qvv/OSWBqvkSY7vusOPrNuZcUG3tApvdVgNB8POj3SPw==",
      "dev": true,
      "engines": {
        "node": ">=10"
      }
    },
    "node_modules/js-tokens": {
      "version": "4.0.0",
      "resolved": "https://registry.npmjs.org/js-tokens/-/js-tokens-4.0.0.tgz",
      "integrity": "sha512-RdJUflcE3cUzKiMqQgsCu06FPu9UdIJO0beYbPhHN4k6apgJtifcoCtT9bcxOpYBtpD2kCM6Sbzg4CausW/PKQ==",
      "dev": true,
      "optional": true
    },
    "node_modules/jsonc-parser": {
      "version": "3.0.0",
      "resolved": "https://registry.npmjs.org/jsonc-parser/-/jsonc-parser-3.0.0.tgz",
      "integrity": "sha512-fQzRfAbIBnR0IQvftw9FJveWiHp72Fg20giDrHz6TdfB12UH/uue0D3hm57UB5KgAVuniLMCaS8P1IMj9NR7cA==",
      "dev": true
    },
    "node_modules/magic-string": {
      "version": "0.25.7",
      "resolved": "https://registry.npmjs.org/magic-string/-/magic-string-0.25.7.tgz",
      "integrity": "sha512-4CrMT5DOHTDk4HYDlzmwu4FVCcIYI8gauveasrdCu2IKIFOJ3f0v/8MDGJCDL9oD2ppz/Av1b0Nj345H9M+XIA==",
      "dev": true,
      "dependencies": {
        "sourcemap-codec": "^1.4.4"
      }
    },
    "node_modules/ms": {
      "version": "2.1.2",
      "resolved": "https://registry.npmjs.org/ms/-/ms-2.1.2.tgz",
      "integrity": "sha512-sGkPx+VjMtmA6MX27oA4FBFELFCZZ4S4XqeGOXCv68tT+jb3vk/RyaKWP0PTKyWtmLSM0b+adUTEvbs1PEaH2w==",
      "dev": true
    },
    "node_modules/node-domexception": {
      "version": "1.0.0",
      "resolved": "https://registry.npmjs.org/node-domexception/-/node-domexception-1.0.0.tgz",
      "integrity": "sha512-/jKZoMpw0F8GRwl4/eLROPA3cfcXtLApP0QzLmUT/HuPCZWyB7IY9ZrMeKw2O/nFIqPQB3PVM9aYm0F312AXDQ==",
      "dev": true,
      "funding": [
        {
          "type": "github",
          "url": "https://github.com/sponsors/jimmywarting"
        },
        {
          "type": "github",
          "url": "https://paypal.me/jimmywarting"
        }
      ],
      "engines": {
        "node": ">=10.5.0"
      }
    },
    "node_modules/node-fetch": {
      "version": "3.2.0",
      "resolved": "https://registry.npmjs.org/node-fetch/-/node-fetch-3.2.0.tgz",
      "integrity": "sha512-8xeimMwMItMw8hRrOl3C9/xzU49HV/yE6ORew/l+dxWimO5A4Ra8ld2rerlJvc/O7et5Z1zrWsPX43v1QBjCxw==",
      "dev": true,
      "dependencies": {
        "data-uri-to-buffer": "^4.0.0",
        "fetch-blob": "^3.1.4",
        "formdata-polyfill": "^4.0.10"
      },
      "engines": {
        "node": "^12.20.0 || ^14.13.1 || >=16.0.0"
      },
      "funding": {
        "type": "opencollective",
        "url": "https://opencollective.com/node-fetch"
      }
    },
    "node_modules/path": {
      "version": "0.12.7",
      "resolved": "https://registry.npmjs.org/path/-/path-0.12.7.tgz",
      "integrity": "sha1-1NwqUGxM4hl+tIHr/NWzbAFAsQ8=",
      "dependencies": {
        "process": "^0.11.1",
        "util": "^0.10.3"
      }
    },
    "node_modules/picomatch": {
      "version": "2.3.1",
      "resolved": "https://registry.npmjs.org/picomatch/-/picomatch-2.3.1.tgz",
      "integrity": "sha512-JU3teHTNjmE2VCGFzuY8EXzCDVwEqB2a8fsIvwaStHhAWJEeVd1o1QD80CU6+ZdEXXSLbSsuLwJjkCBWqRQUVA==",
      "dev": true,
      "engines": {
        "node": ">=8.6"
      },
      "funding": {
        "url": "https://github.com/sponsors/jonschlinkert"
      }
    },
    "node_modules/process": {
      "version": "0.11.10",
      "resolved": "https://registry.npmjs.org/process/-/process-0.11.10.tgz",
      "integrity": "sha1-czIwDoQBYb2j5podHZGn1LwW8YI=",
      "engines": {
        "node": ">= 0.6.0"
      }
    },
    "node_modules/rollup": {
      "version": "2.67.0",
      "resolved": "https://registry.npmjs.org/rollup/-/rollup-2.67.0.tgz",
      "integrity": "sha512-W83AaERwvDiHwHEF/dfAfS3z1Be5wf7n+pO3ZAO5IQadCT2lBTr7WQ2MwZZe+nodbD+n3HtC4OCOAdsOPPcKZQ==",
      "dev": true,
      "bin": {
        "rollup": "dist/bin/rollup"
      },
      "engines": {
        "node": ">=10.0.0"
      },
      "optionalDependencies": {
        "fsevents": "~2.3.2"
      }
    },
    "node_modules/rollup-plugin-dts": {
      "version": "4.1.0",
      "resolved": "https://registry.npmjs.org/rollup-plugin-dts/-/rollup-plugin-dts-4.1.0.tgz",
      "integrity": "sha512-rriXIm3jdUiYeiAAd1Fv+x2AxK6Kq6IybB2Z/IdoAW95fb4uRUurYsEYKa8L1seedezDeJhy8cfo8FEL9aZzqg==",
      "dev": true,
      "dependencies": {
        "magic-string": "^0.25.7"
      },
      "engines": {
        "node": ">=v12.22.7"
      },
      "funding": {
        "url": "https://github.com/sponsors/Swatinem"
      },
      "optionalDependencies": {
        "@babel/code-frame": "^7.16.0"
      },
      "peerDependencies": {
        "rollup": "^2.55",
        "typescript": "~4.1 || ~4.2 || ~4.3 || ~4.4 || ~4.5"
      }
    },
    "node_modules/rollup-plugin-esbuild": {
      "version": "4.8.2",
      "resolved": "https://registry.npmjs.org/rollup-plugin-esbuild/-/rollup-plugin-esbuild-4.8.2.tgz",
      "integrity": "sha512-wsaYNOjzTb6dN1qCIZsMZ7Q0LWiPJklYs2TDI8vJA2LUbvtPUY+17TC8C0vSat3jPMInfR9XWKdA7ttuwkjsGQ==",
      "dev": true,
      "dependencies": {
        "@rollup/pluginutils": "^4.1.1",
        "debug": "^4.3.3",
        "es-module-lexer": "^0.9.3",
        "joycon": "^3.0.1",
        "jsonc-parser": "^3.0.0"
      },
      "engines": {
        "node": ">=12"
      },
      "peerDependencies": {
        "esbuild": ">=0.10.1",
        "rollup": "^1.20.0 || ^2.0.0"
      }
    },
    "node_modules/sourcemap-codec": {
      "version": "1.4.8",
      "resolved": "https://registry.npmjs.org/sourcemap-codec/-/sourcemap-codec-1.4.8.tgz",
      "integrity": "sha512-9NykojV5Uih4lgo5So5dtw+f0JgJX30KCNI8gwhz2J9A15wD0Ml6tjHKwf6fTSa6fAdVBdZeNOs9eJ71qCk8vA==",
      "dev": true
    },
    "node_modules/supports-color": {
      "version": "5.5.0",
      "resolved": "https://registry.npmjs.org/supports-color/-/supports-color-5.5.0.tgz",
      "integrity": "sha512-QjVjwdXIt408MIiAqCX4oUKsgU2EqAGzs2Ppkm4aQYbjm+ZEWEcW4SfFNTr4uMNZma0ey4f5lgLrkB0aX0QMow==",
      "dev": true,
      "optional": true,
      "dependencies": {
        "has-flag": "^3.0.0"
      },
      "engines": {
        "node": ">=4"
      }
    },
    "node_modules/typescript": {
      "version": "4.5.5",
      "resolved": "https://registry.npmjs.org/typescript/-/typescript-4.5.5.tgz",
      "integrity": "sha512-TCTIul70LyWe6IJWT8QSYeA54WQe8EjQFU4wY52Fasj5UKx88LNYKCgBEHcOMOrFF1rKGbD8v/xcNWVUq9SymA==",
      "dev": true,
      "bin": {
        "tsc": "bin/tsc",
        "tsserver": "bin/tsserver"
      },
      "engines": {
        "node": ">=4.2.0"
      }
    },
    "node_modules/util": {
      "version": "0.10.4",
      "resolved": "https://registry.npmjs.org/util/-/util-0.10.4.tgz",
      "integrity": "sha512-0Pm9hTQ3se5ll1XihRic3FDIku70C+iHUdT/W926rSgHV5QgXsYbKZN8MSC3tJtSkhuROzvsQjAaFENRXr+19A==",
      "dependencies": {
        "inherits": "2.0.3"
      }
    },
    "node_modules/web-streams-polyfill": {
      "version": "3.2.0",
      "resolved": "https://registry.npmjs.org/web-streams-polyfill/-/web-streams-polyfill-3.2.0.tgz",
      "integrity": "sha512-EqPmREeOzttaLRm5HS7io98goBgZ7IVz79aDvqjD0kYXLtFZTc0T/U6wHTPKyIjb+MdN7DFIIX6hgdBEpWmfPA==",
      "dev": true,
      "engines": {
        "node": ">= 8"
      }
    }
  },
  "dependencies": {
    "@babel/code-frame": {
      "version": "7.16.7",
      "resolved": "https://registry.npmjs.org/@babel/code-frame/-/code-frame-7.16.7.tgz",
      "integrity": "sha512-iAXqUn8IIeBTNd72xsFlgaXHkMBMt6y4HJp1tIaK465CWLT/fG1aqB7ykr95gHHmlBdGbFeWWfyB4NJJ0nmeIg==",
      "dev": true,
      "optional": true,
      "requires": {
        "@babel/highlight": "^7.16.7"
      }
    },
    "@babel/helper-validator-identifier": {
      "version": "7.16.7",
      "resolved": "https://registry.npmjs.org/@babel/helper-validator-identifier/-/helper-validator-identifier-7.16.7.tgz",
      "integrity": "sha512-hsEnFemeiW4D08A5gUAZxLBTXpZ39P+a+DGDsHw1yxqyQ/jzFEnxf5uTEGp+3bzAbNOxU1paTgYS4ECU/IgfDw==",
      "dev": true,
      "optional": true
    },
    "@babel/highlight": {
      "version": "7.16.10",
      "resolved": "https://registry.npmjs.org/@babel/highlight/-/highlight-7.16.10.tgz",
      "integrity": "sha512-5FnTQLSLswEj6IkgVw5KusNUUFY9ZGqe/TRFnP/BKYHYgfh7tc+C7mwiy95/yNP7Dh9x580Vv8r7u7ZfTBFxdw==",
      "dev": true,
      "optional": true,
      "requires": {
        "@babel/helper-validator-identifier": "^7.16.7",
        "chalk": "^2.0.0",
        "js-tokens": "^4.0.0"
      }
    },
    "@emurgo/cardano-serialization-lib-asmjs": {
      "version": "9.1.4",
      "resolved": "https://registry.npmjs.org/@emurgo/cardano-serialization-lib-asmjs/-/cardano-serialization-lib-asmjs-9.1.4.tgz",
      "integrity": "sha512-En+rm1ZsfFycIAg36mkRdRwMCcXxwZ/1pCP9C/8cGsiB/nwlBwL1jRewOj22+YQufbESOes3zKmGK+cnbG5XbA=="
    },
    "@rollup/pluginutils": {
      "version": "4.1.2",
      "resolved": "https://registry.npmjs.org/@rollup/pluginutils/-/pluginutils-4.1.2.tgz",
      "integrity": "sha512-ROn4qvkxP9SyPeHaf7uQC/GPFY6L/OWy9+bd9AwcjOAWQwxRscoEyAUD8qCY5o5iL4jqQwoLk2kaTKJPb/HwzQ==",
      "dev": true,
      "requires": {
        "estree-walker": "^2.0.1",
        "picomatch": "^2.2.2"
      }
    },
    "@types/node-fetch": {
      "version": "3.0.3",
      "resolved": "https://registry.npmjs.org/@types/node-fetch/-/node-fetch-3.0.3.tgz",
      "integrity": "sha512-HhggYPH5N+AQe/OmN6fmhKmRRt2XuNJow+R3pQwJxOOF9GuwM7O2mheyGeIrs5MOIeNjDEdgdoyHBOrFeJBR3g==",
      "dev": true,
      "requires": {
        "node-fetch": "*"
      }
    },
    "ansi-styles": {
      "version": "3.2.1",
      "resolved": "https://registry.npmjs.org/ansi-styles/-/ansi-styles-3.2.1.tgz",
      "integrity": "sha512-VT0ZI6kZRdTh8YyJw3SMbYm/u+NqfsAxEpWO0Pf9sq8/e94WxxOpPKx9FR1FlyCtOVDNOQ+8ntlqFxiRc+r5qA==",
      "dev": true,
      "optional": true,
      "requires": {
        "color-convert": "^1.9.0"
      }
    },
    "base64-js": {
      "version": "1.5.1",
      "resolved": "https://registry.npmjs.org/base64-js/-/base64-js-1.5.1.tgz",
      "integrity": "sha512-AKpaYlHn8t4SVbOHCy+b5+KKgvR4vrsD8vbvrbiQJps7fKDTkjkDry6ji0rUJjC0kzbNePLwzxq8iypo41qeWA=="
    },
    "buffer": {
      "version": "6.0.3",
      "resolved": "https://registry.npmjs.org/buffer/-/buffer-6.0.3.tgz",
      "integrity": "sha512-FTiCpNxtwiZZHEZbcbTIcZjERVICn9yq/pDFkTl95/AxzD1naBctN7YO68riM/gLSDY7sdrMby8hofADYuuqOA==",
      "requires": {
        "base64-js": "^1.3.1",
        "ieee754": "^1.2.1"
      }
    },
    "chalk": {
      "version": "2.4.2",
      "resolved": "https://registry.npmjs.org/chalk/-/chalk-2.4.2.tgz",
      "integrity": "sha512-Mti+f9lpJNcwF4tWV8/OrTTtF1gZi+f8FqlyAdouralcFWFQWF2+NgCHShjkCb+IFBLq9buZwE1xckQU4peSuQ==",
      "dev": true,
      "optional": true,
      "requires": {
        "ansi-styles": "^3.2.1",
        "escape-string-regexp": "^1.0.5",
        "supports-color": "^5.3.0"
      }
    },
    "color-convert": {
      "version": "1.9.3",
      "resolved": "https://registry.npmjs.org/color-convert/-/color-convert-1.9.3.tgz",
      "integrity": "sha512-QfAUtd+vFdAtFQcC8CCyYt1fYWxSqAiK2cSD6zDB8N3cpsEBAvRxp9zOGg6G/SHHJYAT88/az/IuDGALsNVbGg==",
      "dev": true,
      "optional": true,
      "requires": {
        "color-name": "1.1.3"
      }
    },
    "color-name": {
      "version": "1.1.3",
      "resolved": "https://registry.npmjs.org/color-name/-/color-name-1.1.3.tgz",
      "integrity": "sha1-p9BVi9icQveV3UIyj3QIMcpTvCU=",
      "dev": true,
      "optional": true
    },
    "data-uri-to-buffer": {
      "version": "4.0.0",
      "resolved": "https://registry.npmjs.org/data-uri-to-buffer/-/data-uri-to-buffer-4.0.0.tgz",
      "integrity": "sha512-Vr3mLBA8qWmcuschSLAOogKgQ/Jwxulv3RNE4FXnYWRGujzrRWQI4m12fQqRkwX06C0KanhLr4hK+GydchZsaA==",
      "dev": true
    },
    "debug": {
      "version": "4.3.3",
      "resolved": "https://registry.npmjs.org/debug/-/debug-4.3.3.tgz",
      "integrity": "sha512-/zxw5+vh1Tfv+4Qn7a5nsbcJKPaSvCDhojn6FEl9vupwK2VCSDtEiEtqr8DFtzYFOdz63LBkxec7DYuc2jon6Q==",
      "dev": true,
      "requires": {
        "ms": "2.1.2"
      }
    },
    "es-module-lexer": {
      "version": "0.9.3",
      "resolved": "https://registry.npmjs.org/es-module-lexer/-/es-module-lexer-0.9.3.tgz",
      "integrity": "sha512-1HQ2M2sPtxwnvOvT1ZClHyQDiggdNjURWpY2we6aMKCQiUVxTmVs2UYPLIrD84sS+kMdUwfBSylbJPwNnBrnHQ==",
      "dev": true
    },
    "esbuild": {
      "version": "0.14.17",
      "resolved": "https://registry.npmjs.org/esbuild/-/esbuild-0.14.17.tgz",
      "integrity": "sha512-JLgyC6Uv31mv9T9Mm2xF1LntUMCNBSzvg2n32d8cTKZMwFr1wmMFY2FkVum98TSoEsDff0cR+Aj49H2sbBcjKQ==",
      "dev": true,
      "requires": {
        "esbuild-android-arm64": "0.14.17",
        "esbuild-darwin-64": "0.14.17",
        "esbuild-darwin-arm64": "0.14.17",
        "esbuild-freebsd-64": "0.14.17",
        "esbuild-freebsd-arm64": "0.14.17",
        "esbuild-linux-32": "0.14.17",
        "esbuild-linux-64": "0.14.17",
        "esbuild-linux-arm": "0.14.17",
        "esbuild-linux-arm64": "0.14.17",
        "esbuild-linux-mips64le": "0.14.17",
        "esbuild-linux-ppc64le": "0.14.17",
        "esbuild-linux-s390x": "0.14.17",
        "esbuild-netbsd-64": "0.14.17",
        "esbuild-openbsd-64": "0.14.17",
        "esbuild-sunos-64": "0.14.17",
        "esbuild-windows-32": "0.14.17",
        "esbuild-windows-64": "0.14.17",
        "esbuild-windows-arm64": "0.14.17"
      }
    },
    "esbuild-android-arm64": {
      "version": "0.14.17",
      "resolved": "https://registry.npmjs.org/esbuild-android-arm64/-/esbuild-android-arm64-0.14.17.tgz",
      "integrity": "sha512-y7EJm8ADC9qKbo/dJ2zBXwNdIILJ76tTv7JDGvOkbLT8HJXIsgbpa0NJk7iFhyvP4GpsYvXTbvEQNn0DhyBhLA==",
      "dev": true,
      "optional": true
    },
    "esbuild-darwin-64": {
      "version": "0.14.17",
      "resolved": "https://registry.npmjs.org/esbuild-darwin-64/-/esbuild-darwin-64-0.14.17.tgz",
      "integrity": "sha512-V2JAP8yyVbW6qR4SVXsEDqRicYM0x5niUuB05IFiE5itPI45k8j2dA2l+DtirR2SGXr+LEqgX347+2VA6eyTiA==",
      "dev": true,
      "optional": true
    },
    "esbuild-darwin-arm64": {
      "version": "0.14.17",
      "resolved": "https://registry.npmjs.org/esbuild-darwin-arm64/-/esbuild-darwin-arm64-0.14.17.tgz",
      "integrity": "sha512-ENkSKpjF4SImyA2TdHhKiZqtYc1DkMykICe1KSBw0YNF1sentjFI6wu+CRiYMpC7REf/3TQXoems2XPqIqDMlQ==",
      "dev": true,
      "optional": true
    },
    "esbuild-freebsd-64": {
      "version": "0.14.17",
      "resolved": "https://registry.npmjs.org/esbuild-freebsd-64/-/esbuild-freebsd-64-0.14.17.tgz",
      "integrity": "sha512-2i0nTNJM8ftNTvtR00vdqkru8XpHwAbkR2MBLoK2IDSzjsLStwCj+mxf6v83eVM9Abe3QA8xP+irqOdBlwDQ2g==",
      "dev": true,
      "optional": true
    },
    "esbuild-freebsd-arm64": {
      "version": "0.14.17",
      "resolved": "https://registry.npmjs.org/esbuild-freebsd-arm64/-/esbuild-freebsd-arm64-0.14.17.tgz",
      "integrity": "sha512-QOmRi1n+uly2G7BbMbHb86YiFA5aM7B2T96A6OF1VG57LNwXwy8LPVM0PVjl7f9cV3pE3fy3VtXPJHJo8XggTA==",
      "dev": true,
      "optional": true
    },
    "esbuild-linux-32": {
      "version": "0.14.17",
      "resolved": "https://registry.npmjs.org/esbuild-linux-32/-/esbuild-linux-32-0.14.17.tgz",
      "integrity": "sha512-qG5NDk7FHHUVw01rjHESON0HvigF2X80b645TUlgTKsWRlrbzzHhMCmQguA01O5PiCimKnyoxti8aJIFNHpQnQ==",
      "dev": true,
      "optional": true
    },
    "esbuild-linux-64": {
      "version": "0.14.17",
      "resolved": "https://registry.npmjs.org/esbuild-linux-64/-/esbuild-linux-64-0.14.17.tgz",
      "integrity": "sha512-De8OcmNvfNyFfQRLWbfuZqau6NpYBJxNTLP7Ls/PqQcw0HAwfaYThutY8ozHpPbKFPa7wgqabXlIC4NVSWT0/A==",
      "dev": true,
      "optional": true
    },
    "esbuild-linux-arm": {
      "version": "0.14.17",
      "resolved": "https://registry.npmjs.org/esbuild-linux-arm/-/esbuild-linux-arm-0.14.17.tgz",
      "integrity": "sha512-ZwsgFUk3gR2pEMJdh5z4Ds18fvGETgElPqmNdx1NtZTCOVlFMAwFB5u/tOR2FrXbMFv+LkGnNxPDh48PYPDz9A==",
      "dev": true,
      "optional": true
    },
    "esbuild-linux-arm64": {
      "version": "0.14.17",
      "resolved": "https://registry.npmjs.org/esbuild-linux-arm64/-/esbuild-linux-arm64-0.14.17.tgz",
      "integrity": "sha512-WDEOD/YRA4J1lxhETKZff3gRxGYqqZEiVwIOqNfvCh2YcwWU2y6UmNGZsxcuKk18wot4dAXCXQyNZgBkVUTCLw==",
      "dev": true,
      "optional": true
    },
    "esbuild-linux-mips64le": {
      "version": "0.14.17",
      "resolved": "https://registry.npmjs.org/esbuild-linux-mips64le/-/esbuild-linux-mips64le-0.14.17.tgz",
      "integrity": "sha512-Lf4X9NB7r6imzp/11TaGs4kWL0DUn1JxI9gAAKotnKh6T8Y/0sLvZSvQS8WvSZcr0V8RRCrRZwiQqjOALUU/9g==",
      "dev": true,
      "optional": true
    },
    "esbuild-linux-ppc64le": {
      "version": "0.14.17",
      "resolved": "https://registry.npmjs.org/esbuild-linux-ppc64le/-/esbuild-linux-ppc64le-0.14.17.tgz",
      "integrity": "sha512-aExhxbrK7/Mh9FArdiC9MbvrQz2bGCDI8cBALKJbmhKg0h7LNt6y1E1S9GGBZ/ZXkHDvV9FFVrXXZKFVU5Qpiw==",
      "dev": true,
      "optional": true
    },
    "esbuild-linux-s390x": {
      "version": "0.14.17",
      "resolved": "https://registry.npmjs.org/esbuild-linux-s390x/-/esbuild-linux-s390x-0.14.17.tgz",
      "integrity": "sha512-b0T20rNcS7POi5YLw5dFlsiC+riobR5IfppQGn5NWer6QiIkdL1vOx9eC9CUD3z1itpkLboRAZYieZfKfhCA2Q==",
      "dev": true,
      "optional": true
    },
    "esbuild-netbsd-64": {
      "version": "0.14.17",
      "resolved": "https://registry.npmjs.org/esbuild-netbsd-64/-/esbuild-netbsd-64-0.14.17.tgz",
      "integrity": "sha512-pFgTaAa2JF18nqNfCND9wOu1jbZ/mbDSaMxUp5fTkLlofyHhXeb5aChgXUkeipty2Pgq0OwOnxjHmiAxMI7N4g==",
      "dev": true,
      "optional": true
    },
    "esbuild-openbsd-64": {
      "version": "0.14.17",
      "resolved": "https://registry.npmjs.org/esbuild-openbsd-64/-/esbuild-openbsd-64-0.14.17.tgz",
      "integrity": "sha512-K5+plb6gsAfBcFqB0EG4KvLbgBKslVAfEyJggicwt/QoDwQGJAzao4M6zOA4PG7LlXOwWSqv7VmSFbH+b6DyKw==",
      "dev": true,
      "optional": true
    },
    "esbuild-sunos-64": {
      "version": "0.14.17",
      "resolved": "https://registry.npmjs.org/esbuild-sunos-64/-/esbuild-sunos-64-0.14.17.tgz",
      "integrity": "sha512-o1FINkbHRi9JB1YteOSXZdkDOmVUbmnCxRmTLkHvk8pfCFNpv/5/7ktt95teYKbEiJna2dEt3M4ckJ/+UVnW+w==",
      "dev": true,
      "optional": true
    },
    "esbuild-windows-32": {
      "version": "0.14.17",
      "resolved": "https://registry.npmjs.org/esbuild-windows-32/-/esbuild-windows-32-0.14.17.tgz",
      "integrity": "sha512-Qutilz0I7OADWBtWrC/FD+2O/TNAkhwbZ+wIns7kF87lxIMtmqpBt3KnMk1e4F47aTrZRr0oH55Zhztd7m2PAA==",
      "dev": true,
      "optional": true
    },
    "esbuild-windows-64": {
      "version": "0.14.17",
      "resolved": "https://registry.npmjs.org/esbuild-windows-64/-/esbuild-windows-64-0.14.17.tgz",
      "integrity": "sha512-b21/oRV+PHrav0HkRpKjbM2yNRVe34gAfbdMppbZFea416wa8SrjcmVfSd7n4jgqoTQG0xe+MGgOpwXtjiB3DQ==",
      "dev": true,
      "optional": true
    },
    "esbuild-windows-arm64": {
      "version": "0.14.17",
      "resolved": "https://registry.npmjs.org/esbuild-windows-arm64/-/esbuild-windows-arm64-0.14.17.tgz",
      "integrity": "sha512-4HN9E1idllewYvptcrrdfTA6DIWgg11kK0Zrv6yjxstJZLJeKxfilGBEaksLGs4Pst2rAYMx3H2vbYq7AWLQNA==",
      "dev": true,
      "optional": true
    },
    "escape-string-regexp": {
      "version": "1.0.5",
      "resolved": "https://registry.npmjs.org/escape-string-regexp/-/escape-string-regexp-1.0.5.tgz",
      "integrity": "sha1-G2HAViGQqN/2rjuyzwIAyhMLhtQ=",
      "dev": true,
      "optional": true
    },
    "estree-walker": {
      "version": "2.0.2",
      "resolved": "https://registry.npmjs.org/estree-walker/-/estree-walker-2.0.2.tgz",
      "integrity": "sha512-Rfkk/Mp/DL7JVje3u18FxFujQlTNR2q6QfMSMB7AvCBx91NGj/ba3kCfza0f6dVDbw7YlRf/nDrn7pQrCCyQ/w==",
      "dev": true
    },
    "fetch-blob": {
      "version": "3.1.4",
      "resolved": "https://registry.npmjs.org/fetch-blob/-/fetch-blob-3.1.4.tgz",
      "integrity": "sha512-Eq5Xv5+VlSrYWEqKrusxY1C3Hm/hjeAsCGVG3ft7pZahlUAChpGZT/Ms1WmSLnEAisEXszjzu/s+ce6HZB2VHA==",
      "dev": true,
      "requires": {
        "node-domexception": "^1.0.0",
        "web-streams-polyfill": "^3.0.3"
      }
    },
    "formdata-polyfill": {
      "version": "4.0.10",
      "resolved": "https://registry.npmjs.org/formdata-polyfill/-/formdata-polyfill-4.0.10.tgz",
      "integrity": "sha512-buewHzMvYL29jdeQTVILecSaZKnt/RJWjoZCF5OW60Z67/GmSLBkOFM7qh1PI3zFNtJbaZL5eQu1vLfazOwj4g==",
      "dev": true,
      "requires": {
        "fetch-blob": "^3.1.2"
      }
    },
    "fs": {
      "version": "0.0.1-security",
      "resolved": "https://registry.npmjs.org/fs/-/fs-0.0.1-security.tgz",
      "integrity": "sha1-invTcYa23d84E/I4WLV+yq9eQdQ="
    },
    "fsevents": {
      "version": "2.3.2",
      "resolved": "https://registry.npmjs.org/fsevents/-/fsevents-2.3.2.tgz",
      "integrity": "sha512-xiqMQR4xAeHTuB9uWm+fFRcIOgKBMiOBP+eXiyT7jsgVCq1bkVygt00oASowB7EdtpOHaaPgKt812P9ab+DDKA==",
      "dev": true,
      "optional": true
    },
    "has-flag": {
      "version": "3.0.0",
      "resolved": "https://registry.npmjs.org/has-flag/-/has-flag-3.0.0.tgz",
      "integrity": "sha1-tdRU3CGZriJWmfNGfloH87lVuv0=",
      "dev": true,
      "optional": true
    },
    "ieee754": {
      "version": "1.2.1",
      "resolved": "https://registry.npmjs.org/ieee754/-/ieee754-1.2.1.tgz",
      "integrity": "sha512-dcyqhDvX1C46lXZcVqCpK+FtMRQVdIMN6/Df5js2zouUsqG7I6sFxitIC+7KYK29KdXOLHdu9zL4sFnoVQnqaA=="
    },
    "inherits": {
      "version": "2.0.3",
      "resolved": "https://registry.npmjs.org/inherits/-/inherits-2.0.3.tgz",
      "integrity": "sha1-Yzwsg+PaQqUC9SRmAiSA9CCCYd4="
    },
    "joycon": {
      "version": "3.1.1",
      "resolved": "https://registry.npmjs.org/joycon/-/joycon-3.1.1.tgz",
      "integrity": "sha512-34wB/Y7MW7bzjKRjUKTa46I2Z7eV62Rkhva+KkopW7Qvv/OSWBqvkSY7vusOPrNuZcUG3tApvdVgNB8POj3SPw==",
      "dev": true
    },
    "js-tokens": {
      "version": "4.0.0",
      "resolved": "https://registry.npmjs.org/js-tokens/-/js-tokens-4.0.0.tgz",
      "integrity": "sha512-RdJUflcE3cUzKiMqQgsCu06FPu9UdIJO0beYbPhHN4k6apgJtifcoCtT9bcxOpYBtpD2kCM6Sbzg4CausW/PKQ==",
      "dev": true,
      "optional": true
    },
    "jsonc-parser": {
      "version": "3.0.0",
      "resolved": "https://registry.npmjs.org/jsonc-parser/-/jsonc-parser-3.0.0.tgz",
      "integrity": "sha512-fQzRfAbIBnR0IQvftw9FJveWiHp72Fg20giDrHz6TdfB12UH/uue0D3hm57UB5KgAVuniLMCaS8P1IMj9NR7cA==",
      "dev": true
    },
    "magic-string": {
      "version": "0.25.7",
      "resolved": "https://registry.npmjs.org/magic-string/-/magic-string-0.25.7.tgz",
      "integrity": "sha512-4CrMT5DOHTDk4HYDlzmwu4FVCcIYI8gauveasrdCu2IKIFOJ3f0v/8MDGJCDL9oD2ppz/Av1b0Nj345H9M+XIA==",
      "dev": true,
      "requires": {
        "sourcemap-codec": "^1.4.4"
      }
    },
    "ms": {
      "version": "2.1.2",
      "resolved": "https://registry.npmjs.org/ms/-/ms-2.1.2.tgz",
      "integrity": "sha512-sGkPx+VjMtmA6MX27oA4FBFELFCZZ4S4XqeGOXCv68tT+jb3vk/RyaKWP0PTKyWtmLSM0b+adUTEvbs1PEaH2w==",
      "dev": true
    },
    "node-domexception": {
      "version": "1.0.0",
      "resolved": "https://registry.npmjs.org/node-domexception/-/node-domexception-1.0.0.tgz",
      "integrity": "sha512-/jKZoMpw0F8GRwl4/eLROPA3cfcXtLApP0QzLmUT/HuPCZWyB7IY9ZrMeKw2O/nFIqPQB3PVM9aYm0F312AXDQ==",
      "dev": true
    },
    "node-fetch": {
      "version": "3.2.0",
      "resolved": "https://registry.npmjs.org/node-fetch/-/node-fetch-3.2.0.tgz",
      "integrity": "sha512-8xeimMwMItMw8hRrOl3C9/xzU49HV/yE6ORew/l+dxWimO5A4Ra8ld2rerlJvc/O7et5Z1zrWsPX43v1QBjCxw==",
      "dev": true,
      "requires": {
        "data-uri-to-buffer": "^4.0.0",
        "fetch-blob": "^3.1.4",
        "formdata-polyfill": "^4.0.10"
      }
    },
    "path": {
      "version": "0.12.7",
      "resolved": "https://registry.npmjs.org/path/-/path-0.12.7.tgz",
      "integrity": "sha1-1NwqUGxM4hl+tIHr/NWzbAFAsQ8=",
      "requires": {
        "process": "^0.11.1",
        "util": "^0.10.3"
      }
    },
    "picomatch": {
      "version": "2.3.1",
      "resolved": "https://registry.npmjs.org/picomatch/-/picomatch-2.3.1.tgz",
      "integrity": "sha512-JU3teHTNjmE2VCGFzuY8EXzCDVwEqB2a8fsIvwaStHhAWJEeVd1o1QD80CU6+ZdEXXSLbSsuLwJjkCBWqRQUVA==",
      "dev": true
    },
    "process": {
      "version": "0.11.10",
      "resolved": "https://registry.npmjs.org/process/-/process-0.11.10.tgz",
      "integrity": "sha1-czIwDoQBYb2j5podHZGn1LwW8YI="
    },
    "rollup": {
      "version": "2.67.0",
      "resolved": "https://registry.npmjs.org/rollup/-/rollup-2.67.0.tgz",
      "integrity": "sha512-W83AaERwvDiHwHEF/dfAfS3z1Be5wf7n+pO3ZAO5IQadCT2lBTr7WQ2MwZZe+nodbD+n3HtC4OCOAdsOPPcKZQ==",
      "dev": true,
      "requires": {
        "fsevents": "~2.3.2"
      }
    },
    "rollup-plugin-dts": {
      "version": "https://registry.npmjs.org/rollup-plugin-dts/-/rollup-plugin-dts-4.1.0.tgz",
      "integrity": "sha512-rriXIm3jdUiYeiAAd1Fv+x2AxK6Kq6IybB2Z/IdoAW95fb4uRUurYsEYKa8L1seedezDeJhy8cfo8FEL9aZzqg==",
      "dev": true,
      "requires": {
        "@babel/code-frame": "^7.16.0",
        "magic-string": "^0.25.7"
      }
    },
    "rollup-plugin-esbuild": {
      "version": "https://registry.npmjs.org/rollup-plugin-esbuild/-/rollup-plugin-esbuild-4.8.2.tgz",
      "integrity": "sha512-wsaYNOjzTb6dN1qCIZsMZ7Q0LWiPJklYs2TDI8vJA2LUbvtPUY+17TC8C0vSat3jPMInfR9XWKdA7ttuwkjsGQ==",
      "dev": true,
      "requires": {
        "@rollup/pluginutils": "^4.1.1",
        "debug": "^4.3.3",
        "es-module-lexer": "^0.9.3",
        "joycon": "^3.0.1",
        "jsonc-parser": "^3.0.0"
      }
    },
    "sourcemap-codec": {
      "version": "1.4.8",
      "resolved": "https://registry.npmjs.org/sourcemap-codec/-/sourcemap-codec-1.4.8.tgz",
      "integrity": "sha512-9NykojV5Uih4lgo5So5dtw+f0JgJX30KCNI8gwhz2J9A15wD0Ml6tjHKwf6fTSa6fAdVBdZeNOs9eJ71qCk8vA==",
      "dev": true
    },
    "supports-color": {
      "version": "5.5.0",
      "resolved": "https://registry.npmjs.org/supports-color/-/supports-color-5.5.0.tgz",
      "integrity": "sha512-QjVjwdXIt408MIiAqCX4oUKsgU2EqAGzs2Ppkm4aQYbjm+ZEWEcW4SfFNTr4uMNZma0ey4f5lgLrkB0aX0QMow==",
      "dev": true,
      "optional": true,
      "requires": {
        "has-flag": "^3.0.0"
      }
    },
    "typescript": {
      "version": "4.5.5",
      "resolved": "https://registry.npmjs.org/typescript/-/typescript-4.5.5.tgz",
      "integrity": "sha512-TCTIul70LyWe6IJWT8QSYeA54WQe8EjQFU4wY52Fasj5UKx88LNYKCgBEHcOMOrFF1rKGbD8v/xcNWVUq9SymA==",
      "dev": true
    },
    "util": {
      "version": "0.10.4",
      "resolved": "https://registry.npmjs.org/util/-/util-0.10.4.tgz",
      "integrity": "sha512-0Pm9hTQ3se5ll1XihRic3FDIku70C+iHUdT/W926rSgHV5QgXsYbKZN8MSC3tJtSkhuROzvsQjAaFENRXr+19A==",
      "requires": {
        "inherits": "2.0.3"
      }
    },
    "web-streams-polyfill": {
      "version": "3.2.0",
      "resolved": "https://registry.npmjs.org/web-streams-polyfill/-/web-streams-polyfill-3.2.0.tgz",
      "integrity": "sha512-EqPmREeOzttaLRm5HS7io98goBgZ7IVz79aDvqjD0kYXLtFZTc0T/U6wHTPKyIjb+MdN7DFIIX6hgdBEpWmfPA==",
      "dev": true
    }
  }
}
